
Microsoft Visual Studio Solution File, Format Version 12.00
Project("{FAE04EC0-301F-11D3-BF4B-00C04F79EFBC}") = "blazor-game-of-life", "blazor-game-of-life\blazor-game-of-life.csproj", "{747F453F-5BAB-4823-B7E6-7DDFD29EF568}"
EndProject
Global
	GlobalSection(SolutionConfigurationPlatforms) = preSolution
		Debug|Any CPU = Debug|Any CPU
		Release|Any CPU = Release|Any CPU
	EndGlobalSection
	GlobalSection(ProjectConfigurationPlatforms) = postSolution
		{747F453F-5BAB-4823-B7E6-7DDFD29EF568}.Debug|Any CPU.ActiveCfg = Debug|Any CPU
		{747F453F-5BAB-4823-B7E6-7DDFD29EF568}.Debug|Any CPU.Build.0 = Debug|Any CPU
		{747F453F-5BAB-4823-B7E6-7DDFD29EF568}.Release|Any CPU.ActiveCfg = Release|Any CPU
		{747F453F-5BAB-4823-B7E6-7DDFD29EF568}.Release|Any CPU.Build.0 = Release|Any CPU
	EndGlobalSection
EndGlobal
